PODS:
  - Pantomime (0.1.4)

DEPENDENCIES:
  - Pantomime (from `/Users/iain17/Documents/mobileProjects/GIT/Pantomime`)

EXTERNAL SOURCES:
  Pantomime:
    :path: /Users/iain17/Documents/mobileProjects/GIT/Pantomime

SPEC CHECKSUMS:
  Pantomime: 907ad7597247b3f0ea17975cce83c6004bee6632

PODFILE CHECKSUM: 99dac1e9d0da77f40543cac15dd811c8ac24d643

COCOAPODS: 1.2.1.beta.1
