PODS:
  - Pantomime (0.1.4)
  - TVVLCKit-unstable (3.0.0a42)

DEPENDENCIES:
  - Pantomime (from `https://github.com/iain17/Pantomime.git`, branch `feature/EXTINF-properties`)
  - TVVLCKit-unstable (= 3.0.0a42)

EXTERNAL SOURCES:
  Pantomime:
    :branch: feature/EXTINF-properties
    :git: https://github.com/iain17/Pantomime.git

CHECKOUT OPTIONS:
  Pantomime:
    :commit: 6568d074c746701d66120d4f0708f6a0ab188154
    :git: https://github.com/iain17/Pantomime.git

SPEC CHECKSUMS:
  Pantomime: 907ad7597247b3f0ea17975cce83c6004bee6632
  TVVLCKit-unstable: 357723c730f020bb5d79096e12073ad9f746e01a

PODFILE CHECKSUM: a17ddf634f7cbea139dc20773893630e51e60beb

COCOAPODS: 1.3.1
