PODS:
  - Pantomime (0.1.4)
  - Player (0.7.0)

DEPENDENCIES:
  - Pantomime (from `https://github.com/iain17/Pantomime.git`, branch `feature/EXTINF-properties`)
  - Player (~> 0.7.0)

EXTERNAL SOURCES:
  Pantomime:
    :branch: feature/EXTINF-properties
    :git: https://github.com/iain17/Pantomime.git

CHECKOUT OPTIONS:
  Pantomime:
    :commit: 6568d074c746701d66120d4f0708f6a0ab188154
    :git: https://github.com/iain17/Pantomime.git

SPEC CHECKSUMS:
  Pantomime: 907ad7597247b3f0ea17975cce83c6004bee6632
  Player: f3a8a982e5c4a7cf6a8e4307b16597f2b7a7af0d

PODFILE CHECKSUM: f2136b70b534347439511477e9f88b45e3474239

COCOAPODS: 1.3.1
