// !$*UTF8*$!
{
	archiveVersion = 1;
	classes = {
	};
	objectVersion = 46;
	objects = {

/* Begin PBXBuildFile section */
		16BB491290BAA729EC0E3C1D /* Pods_IPTV.framework in Frameworks */ = {isa = PBXBuildFile; fileRef = 9FBDD97B7EB7923B22D85F8E /* Pods_IPTV.framework */; };
		278AB5E81E90759200345CDC /* ChannelTableViewDataSource.swift in Sources */ = {isa = PBXBuildFile; fileRef = 278AB5E71E90759200345CDC /* ChannelTableViewDataSource.swift */; };
		278AB5EA1E9078DD00345CDC /* ChannelTableCell.swift in Sources */ = {isa = PBXBuildFile; fileRef = 278AB5E91E9078DD00345CDC /* ChannelTableCell.swift */; };
		278AB5EC1E907AFE00345CDC /* Channel.swift in Sources */ = {isa = PBXBuildFile; fileRef = 278AB5EB1E907AFE00345CDC /* Channel.swift */; };
		278CC6561E917698005C7DD8 /* Caching.swift in Sources */ = {isa = PBXBuildFile; fileRef = 278CC6551E917698005C7DD8 /* Caching.swift */; };
		27AAEA291E90737F001395BE /* Assets.xcassets in Resources */ = {isa = PBXBuildFile; fileRef = 27AAEA281E90737F001395BE /* Assets.xcassets */; };
		27D3B0901E90404E001E5ECE /* Main.storyboard in Resources */ = {isa = PBXBuildFile; fileRef = 27D3B08F1E90404E001E5ECE /* Main.storyboard */; };
		27D3B0921E904117001E5ECE /* playerViewController.swift in Sources */ = {isa = PBXBuildFile; fileRef = 27D3B0911E904117001E5ECE /* playerViewController.swift */; };
		27EDFCB41E90723300945246 /* constants.swift in Sources */ = {isa = PBXBuildFile; fileRef = 27EDFCB31E90723300945246 /* constants.swift */; };
		B51687DC51A6ED12A1601FD8 /* Pods_IPTV.framework in Frameworks */ = {isa = PBXBuildFile; fileRef = E80FE3D00E444B9636C0366A /* Pods_IPTV.framework */; };
		CB9EE3FB1C30425000B116E0 /* AppDelegate.swift in Sources */ = {isa = PBXBuildFile; fileRef = CB9EE3FA1C30425000B116E0 /* AppDelegate.swift */; };
/* End PBXBuildFile section */

/* Begin PBXFileReference section */
		278AB5E71E90759200345CDC /* ChannelTableViewDataSource.swift */ = {isa = PBXFileReference; fileEncoding = 4; lastKnownFileType = sourcecode.swift; path = ChannelTableViewDataSource.swift; sourceTree = "<group>"; };
		278AB5E91E9078DD00345CDC /* ChannelTableCell.swift */ = {isa = PBXFileReference; fileEncoding = 4; lastKnownFileType = sourcecode.swift; path = ChannelTableCell.swift; sourceTree = "<group>"; };
		278AB5EB1E907AFE00345CDC /* Channel.swift */ = {isa = PBXFileReference; fileEncoding = 4; lastKnownFileType = sourcecode.swift; path = Channel.swift; sourceTree = "<group>"; };
		278CC6551E917698005C7DD8 /* Caching.swift */ = {isa = PBXFileReference; fileEncoding = 4; lastKnownFileType = sourcecode.swift; path = Caching.swift; sourceTree = "<group>"; };
		27AAEA281E90737F001395BE /* Assets.xcassets */ = {isa = PBXFileReference; lastKnownFileType = folder.assetcatalog; name = Assets.xcassets; path = IPTV/Assets.xcassets; sourceTree = SOURCE_ROOT; };
		27D3B08F1E90404E001E5ECE /* Main.storyboard */ = {isa = PBXFileReference; fileEncoding = 4; lastKnownFileType = file.storyboard; path = Main.storyboard; sourceTree = "<group>"; };
		27D3B0911E904117001E5ECE /* playerViewController.swift */ = {isa = PBXFileReference; fileEncoding = 4; lastKnownFileType = sourcecode.swift; path = playerViewController.swift; sourceTree = "<group>"; };
		27EDFCB31E90723300945246 /* constants.swift */ = {isa = PBXFileReference; fileEncoding = 4; lastKnownFileType = sourcecode.swift; path = constants.swift; sourceTree = "<group>"; };
		7CEC0F44D7ACE605D1B56803 /* Pods-IPTV.debug.xcconfig */ = {isa = PBXFileReference; includeInIndex = 1; lastKnownFileType = text.xcconfig; name = "Pods-IPTV.debug.xcconfig"; path = "Pods/Target Support Files/Pods-IPTV/Pods-IPTV.debug.xcconfig"; sourceTree = "<group>"; };
		9FBDD97B7EB7923B22D85F8E /* Pods_IPTV.framework */ = {isa = PBXFileReference; explicitFileType = wrapper.framework; includeInIndex = 0; path = Pods_IPTV.framework; sourceTree = BUILT_PRODUCTS_DIR; };
		A0F65E5363957C8D016043DD /* Pods-IPTV.release.xcconfig */ = {isa = PBXFileReference; includeInIndex = 1; lastKnownFileType = text.xcconfig; name = "Pods-IPTV.release.xcconfig"; path = "Pods/Target Support Files/Pods-IPTV/Pods-IPTV.release.xcconfig"; sourceTree = "<group>"; };
		A60476E95AE8F992D2444C63 /* Pods-IPTV.release.xcconfig */ = {isa = PBXFileReference; includeInIndex = 1; lastKnownFileType = text.xcconfig; name = "Pods-IPTV.release.xcconfig"; path = "Pods/Target Support Files/Pods-IPTV/Pods-IPTV.release.xcconfig"; sourceTree = "<group>"; };
		CB9EE3F71C30425000B116E0 /* IPTV.app */ = {isa = PBXFileReference; explicitFileType = wrapper.application; includeInIndex = 0; path = IPTV.app; sourceTree = BUILT_PRODUCTS_DIR; };
		CB9EE3FA1C30425000B116E0 /* AppDelegate.swift */ = {isa = PBXFileReference; lastKnownFileType = sourcecode.swift; path = AppDelegate.swift; sourceTree = "<group>"; };
		CB9EE4031C30425000B116E0 /* Info.plist */ = {isa = PBXFileReference; lastKnownFileType = text.plist.xml; path = Info.plist; sourceTree = "<group>"; };
		CBC7A5CB1C30D1F600395F2A /* IPTV-Bridging-Header.h */ = {isa = PBXFileReference; lastKnownFileType = sourcecode.c.h; path = "IPTV-Bridging-Header.h"; sourceTree = "<group>"; };
		D582FED6BA895C56A398A72F /* Pods-IPTV.debug.xcconfig */ = {isa = PBXFileReference; includeInIndex = 1; lastKnownFileType = text.xcconfig; name = "Pods-IPTV.debug.xcconfig"; path = "Pods/Target Support Files/Pods-IPTV/Pods-IPTV.debug.xcconfig"; sourceTree = "<group>"; };
		E80FE3D00E444B9636C0366A /* Pods_IPTV.framework */ = {isa = PBXFileReference; explicitFileType = wrapper.framework; includeInIndex = 0; path = Pods_IPTV.framework; sourceTree = BUILT_PRODUCTS_DIR; };
/* End PBXFileReference section */

/* Begin PBXFrameworksBuildPhase section */
		CB9EE3F41C30425000B116E0 /* Frameworks */ = {
			isa = PBXFrameworksBuildPhase;
			buildActionMask = 2147483647;
			files = (
				B51687DC51A6ED12A1601FD8 /* Pods_IPTV.framework in Frameworks */,
				16BB491290BAA729EC0E3C1D /* Pods_IPTV.framework in Frameworks */,
			);
			runOnlyForDeploymentPostprocessing = 0;
		};
/* End PBXFrameworksBuildPhase section */

/* Begin PBXGroup section */
		01B2F55AAFDC6805681DB28A /* Pods */ = {
			isa = PBXGroup;
			children = (
				7CEC0F44D7ACE605D1B56803 /* Pods-IPTV.debug.xcconfig */,
				A60476E95AE8F992D2444C63 /* Pods-IPTV.release.xcconfig */,
				D582FED6BA895C56A398A72F /* Pods-IPTV.debug.xcconfig */,
				A0F65E5363957C8D016043DD /* Pods-IPTV.release.xcconfig */,
			);
			name = Pods;
			sourceTree = "<group>";
		};
		27D3B08E1E903FF6001E5ECE /* deps */ = {
			isa = PBXGroup;
			children = (
			);
			name = deps;
			sourceTree = "<group>";
		};
		A313B1E75B4E1DC1F826A7C7 /* Frameworks */ = {
			isa = PBXGroup;
			children = (
				9FBDD97B7EB7923B22D85F8E /* Pods_IPTV.framework */,
				E80FE3D00E444B9636C0366A /* Pods_IPTV.framework */,
			);
			name = Frameworks;
			sourceTree = "<group>";
		};
		CB9EE3EE1C30425000B116E0 = {
			isa = PBXGroup;
			children = (
				27D3B08E1E903FF6001E5ECE /* deps */,
				CB9EE3F91C30425000B116E0 /* IPTV */,
				CB9EE3F81C30425000B116E0 /* Products */,
				01B2F55AAFDC6805681DB28A /* Pods */,
				A313B1E75B4E1DC1F826A7C7 /* Frameworks */,
			);
			sourceTree = "<group>";
		};
		CB9EE3F81C30425000B116E0 /* Products */ = {
			isa = PBXGroup;
			children = (
				CB9EE3F71C30425000B116E0 /* IPTV.app */,
			);
			name = Products;
			sourceTree = "<group>";
		};
		CB9EE3F91C30425000B116E0 /* IPTV */ = {
			isa = PBXGroup;
			children = (
				CB9EE3FA1C30425000B116E0 /* AppDelegate.swift */,
				27AAEA281E90737F001395BE /* Assets.xcassets */,
				CB9EE4031C30425000B116E0 /* Info.plist */,
				CBC7A5CB1C30D1F600395F2A /* IPTV-Bridging-Header.h */,
				27D3B08F1E90404E001E5ECE /* Main.storyboard */,
				27D3B0911E904117001E5ECE /* playerViewController.swift */,
				27EDFCB31E90723300945246 /* constants.swift */,
				278AB5E71E90759200345CDC /* ChannelTableViewDataSource.swift */,
				278AB5E91E9078DD00345CDC /* ChannelTableCell.swift */,
				278AB5EB1E907AFE00345CDC /* Channel.swift */,
				278CC6551E917698005C7DD8 /* Caching.swift */,
			);
			path = IPTV;
			sourceTree = "<group>";
		};
/* End PBXGroup section */

/* Begin PBXNativeTarget section */
		CB9EE3F61C30425000B116E0 /* IPTV */ = {
			isa = PBXNativeTarget;
			buildConfigurationList = CB9EE4061C30425000B116E0 /* Build configuration list for PBXNativeTarget "IPTV" */;
			buildPhases = (
				B8EFCCE4CC91D1238046D1F1 /* [CP] Check Pods Manifest.lock */,
				CB9EE3F31C30425000B116E0 /* Sources */,
				CB9EE3F41C30425000B116E0 /* Frameworks */,
				CB9EE3F51C30425000B116E0 /* Resources */,
				8878838694A246716AC9FEF4 /* [CP] Embed Pods Frameworks */,
				BC2096F865BA6F5E10E787BC /* [CP] Copy Pods Resources */,
			);
			buildRules = (
			);
			dependencies = (
			);
			name = IPTV;
			productName = IPTV;
			productReference = CB9EE3F71C30425000B116E0 /* IPTV.app */;
			productType = "com.apple.product-type.application";
		};
/* End PBXNativeTarget section */

/* Begin PBXProject section */
		CB9EE3EF1C30425000B116E0 /* Project object */ = {
			isa = PBXProject;
			attributes = {
				LastSwiftUpdateCheck = 0720;
				LastUpgradeCheck = 0830;
				ORGANIZATIONNAME = "Larry Gadea";
				TargetAttributes = {
					CB9EE3F61C30425000B116E0 = {
						CreatedOnToolsVersion = 7.2;
						DevelopmentTeam = L7E3AY2W7R;
						LastSwiftMigration = 0820;
					};
				};
			};
			buildConfigurationList = CB9EE3F21C30425000B116E0 /* Build configuration list for PBXProject "IPTV" */;
			compatibilityVersion = "Xcode 3.2";
			developmentRegion = English;
			hasScannedForEncodings = 0;
			knownRegions = (
				en,
				Base,
			);
			mainGroup = CB9EE3EE1C30425000B116E0;
			productRefGroup = CB9EE3F81C30425000B116E0 /* Products */;
			projectDirPath = "";
			projectRoot = "";
			targets = (
				CB9EE3F61C30425000B116E0 /* IPTV */,
			);
		};
/* End PBXProject section */

/* Begin PBXResourcesBuildPhase section */
		CB9EE3F51C30425000B116E0 /* Resources */ = {
			isa = PBXResourcesBuildPhase;
			buildActionMask = 2147483647;
			files = (
				27AAEA291E90737F001395BE /* Assets.xcassets in Resources */,
				27D3B0901E90404E001E5ECE /* Main.storyboard in Resources */,
			);
			runOnlyForDeploymentPostprocessing = 0;
		};
/* End PBXResourcesBuildPhase section */

/* Begin PBXShellScriptBuildPhase section */
		8878838694A246716AC9FEF4 /* [CP] Embed Pods Frameworks */ = {
			isa = PBXShellScriptBuildPhase;
			buildActionMask = 2147483647;
			files = (
			);
			inputPaths = (
			);
			name = "[CP] Embed Pods Frameworks";
			outputPaths = (
			);
			runOnlyForDeploymentPostprocessing = 0;
			shellPath = /bin/sh;
			shellScript = "\"${SRCROOT}/Pods/Target Support Files/Pods-IPTV/Pods-IPTV-frameworks.sh\"\n";
			showEnvVarsInLog = 0;
		};
		B8EFCCE4CC91D1238046D1F1 /* [CP] Check Pods Manifest.lock */ = {
			isa = PBXShellScriptBuildPhase;
			buildActionMask = 2147483647;
			files = (
			);
			inputPaths = (
			);
			name = "[CP] Check Pods Manifest.lock";
			outputPaths = (
			);
			runOnlyForDeploymentPostprocessing = 0;
			shellPath = /bin/sh;
			shellScript = "diff \"${PODS_PODFILE_DIR_PATH}/Podfile.lock\" \"${PODS_ROOT}/Manifest.lock\" > /dev/null\nif [ $? != 0 ] ; then\n    # print error to STDERR\n    echo \"error: The sandbox is not in sync with the Podfile.lock. Run 'pod install' or update your CocoaPods installation.\" >&2\n    exit 1\nfi\n";
			showEnvVarsInLog = 0;
		};
		BC2096F865BA6F5E10E787BC /* [CP] Copy Pods Resources */ = {
			isa = PBXShellScriptBuildPhase;
			buildActionMask = 2147483647;
			files = (
			);
			inputPaths = (
			);
			name = "[CP] Copy Pods Resources";
			outputPaths = (
			);
			runOnlyForDeploymentPostprocessing = 0;
			shellPath = /bin/sh;
			shellScript = "\"${SRCROOT}/Pods/Target Support Files/Pods-IPTV/Pods-IPTV-resources.sh\"\n";
			showEnvVarsInLog = 0;
		};
/* End PBXShellScriptBuildPhase section */

/* Begin PBXSourcesBuildPhase section */
		CB9EE3F31C30425000B116E0 /* Sources */ = {
			isa = PBXSourcesBuildPhase;
			buildActionMask = 2147483647;
			files = (
				278AB5E81E90759200345CDC /* ChannelTableViewDataSource.swift in Sources */,
				278CC6561E917698005C7DD8 /* Caching.swift in Sources */,
				278AB5EC1E907AFE00345CDC /* Channel.swift in Sources */,
				27D3B0921E904117001E5ECE /* playerViewController.swift in Sources */,
				CB9EE3FB1C30425000B116E0 /* AppDelegate.swift in Sources */,
				27EDFCB41E90723300945246 /* constants.swift in Sources */,
				278AB5EA1E9078DD00345CDC /* ChannelTableCell.swift in Sources */,
			);
			runOnlyForDeploymentPostprocessing = 0;
		};
/* End PBXSourcesBuildPhase section */

/* Begin XCBuildConfiguration section */
		CB9EE4041C30425000B116E0 /* Debug */ = {
			isa = XCBuildConfiguration;
			buildSettings = {
				ALWAYS_SEARCH_USER_PATHS = NO;
				CLANG_CXX_LANGUAGE_STANDARD = "gnu++0x";
				CLANG_CXX_LIBRARY = "libc++";
				CLANG_ENABLE_MODULES = YES;
				CLANG_ENABLE_OBJC_ARC = YES;
				CLANG_WARN_BOOL_CONVERSION = YES;
				CLANG_WARN_CONSTANT_CONVERSION = YES;
				CLANG_WARN_DIRECT_OBJC_ISA_USAGE = YES_ERROR;
				CLANG_WARN_EMPTY_BODY = YES;
				CLANG_WARN_ENUM_CONVERSION = YES;
				CLANG_WARN_INFINITE_RECURSION = YES;
				CLANG_WARN_INT_CONVERSION = YES;
				CLANG_WARN_OBJC_ROOT_CLASS = YES_ERROR;
				CLANG_WARN_SUSPICIOUS_MOVE = YES;
				CLANG_WARN_UNREACHABLE_CODE = YES;
				CLANG_WARN__DUPLICATE_METHOD_MATCH = YES;
				COPY_PHASE_STRIP = NO;
				DEBUG_INFORMATION_FORMAT = dwarf;
				ENABLE_STRICT_OBJC_MSGSEND = YES;
				ENABLE_TESTABILITY = YES;
				GCC_C_LANGUAGE_STANDARD = gnu99;
				GCC_DYNAMIC_NO_PIC = NO;
				GCC_NO_COMMON_BLOCKS = YES;
				GCC_OPTIMIZATION_LEVEL = 0;
				GCC_PREPROCESSOR_DEFINITIONS = (
					"DEBUG=1",
					"$(inherited)",
				);
				GCC_WARN_64_TO_32_BIT_CONVERSION = YES;
				GCC_WARN_ABOUT_RETURN_TYPE = YES_ERROR;
				GCC_WARN_UNDECLARED_SELECTOR = YES;
				GCC_WARN_UNINITIALIZED_AUTOS = YES_AGGRESSIVE;
				GCC_WARN_UNUSED_FUNCTION = YES;
				GCC_WARN_UNUSED_VARIABLE = YES;
				MTL_ENABLE_DEBUG_INFO = YES;
				ONLY_ACTIVE_ARCH = YES;
				SDKROOT = appletvos;
				SWIFT_OPTIMIZATION_LEVEL = "-Onone";
				TARGETED_DEVICE_FAMILY = 3;
				TVOS_DEPLOYMENT_TARGET = 9.1;
			};
			name = Debug;
		};
		CB9EE4051C30425000B116E0 /* Release */ = {
			isa = XCBuildConfiguration;
			buildSettings = {
				ALWAYS_SEARCH_USER_PATHS = NO;
				CLANG_CXX_LANGUAGE_STANDARD = "gnu++0x";
				CLANG_CXX_LIBRARY = "libc++";
				CLANG_ENABLE_MODULES = YES;
				CLANG_ENABLE_OBJC_ARC = YES;
				CLANG_WARN_BOOL_CONVERSION = YES;
				CLANG_WARN_CONSTANT_CONVERSION = YES;
				CLANG_WARN_DIRECT_OBJC_ISA_USAGE = YES_ERROR;
				CLANG_WARN_EMPTY_BODY = YES;
				CLANG_WARN_ENUM_CONVERSION = YES;
				CLANG_WARN_INFINITE_RECURSION = YES;
				CLANG_WARN_INT_CONVERSION = YES;
				CLANG_WARN_OBJC_ROOT_CLASS = YES_ERROR;
				CLANG_WARN_SUSPICIOUS_MOVE = YES;
				CLANG_WARN_UNREACHABLE_CODE = YES;
				CLANG_WARN__DUPLICATE_METHOD_MATCH = YES;
				COPY_PHASE_STRIP = NO;
				DEBUG_INFORMATION_FORMAT = "dwarf-with-dsym";
				ENABLE_NS_ASSERTIONS = NO;
				ENABLE_STRICT_OBJC_MSGSEND = YES;
				GCC_C_LANGUAGE_STANDARD = gnu99;
				GCC_NO_COMMON_BLOCKS = YES;
				GCC_WARN_64_TO_32_BIT_CONVERSION = YES;
				GCC_WARN_ABOUT_RETURN_TYPE = YES_ERROR;
				GCC_WARN_UNDECLARED_SELECTOR = YES;
				GCC_WARN_UNINITIALIZED_AUTOS = YES_AGGRESSIVE;
				GCC_WARN_UNUSED_FUNCTION = YES;
				GCC_WARN_UNUSED_VARIABLE = YES;
				MTL_ENABLE_DEBUG_INFO = NO;
				SDKROOT = appletvos;
				SWIFT_OPTIMIZATION_LEVEL = "-Owholemodule";
				TARGETED_DEVICE_FAMILY = 3;
				TVOS_DEPLOYMENT_TARGET = 9.1;
				VALIDATE_PRODUCT = YES;
			};
			name = Release;
		};
		CB9EE4071C30425000B116E0 /* Debug */ = {
			isa = XCBuildConfiguration;
			baseConfigurationReference = D582FED6BA895C56A398A72F /* Pods-IPTV.debug.xcconfig */;
			buildSettings = {
				ASSETCATALOG_COMPILER_APPICON_NAME = "App Icon & Top Shelf Image";
				ASSETCATALOG_COMPILER_LAUNCHIMAGE_NAME = LaunchImage;
				CLANG_ENABLE_MODULES = YES;
				CODE_SIGN_IDENTITY = "iPhone Developer";
				"CODE_SIGN_IDENTITY[sdk=appletvos*]" = "iPhone Developer";
				DEVELOPMENT_TEAM = L7E3AY2W7R;
				FRAMEWORK_SEARCH_PATHS = (
					"$(inherited)",
					"$(PROJECT_DIR)",
				);
				HEADER_SEARCH_PATHS = IPTV/;
				INFOPLIST_FILE = IPTV/Info.plist;
				LD_RUNPATH_SEARCH_PATHS = "$(inherited) @executable_path/Frameworks";
				PRODUCT_BUNDLE_IDENTIFIER = com.iMunro.IPTV;
				PRODUCT_NAME = "$(TARGET_NAME)";
				PROVISIONING_PROFILE = "";
				SWIFT_OBJC_BRIDGING_HEADER = "IPTV/IPTV-Bridging-Header.h";
				SWIFT_OPTIMIZATION_LEVEL = "-Onone";
				SWIFT_VERSION = 3.0;
				TVOS_DEPLOYMENT_TARGET = 10.2;
			};
			name = Debug;
		};
		CB9EE4081C30425000B116E0 /* Release */ = {
			isa = XCBuildConfiguration;
			baseConfigurationReference = A0F65E5363957C8D016043DD /* Pods-IPTV.release.xcconfig */;
			buildSettings = {
				ASSETCATALOG_COMPILER_APPICON_NAME = "App Icon & Top Shelf Image";
				ASSETCATALOG_COMPILER_LAUNCHIMAGE_NAME = LaunchImage;
				CLANG_ENABLE_MODULES = YES;
				CODE_SIGN_IDENTITY = "iPhone Developer";
				"CODE_SIGN_IDENTITY[sdk=appletvos*]" = "iPhone Developer";
				DEVELOPMENT_TEAM = L7E3AY2W7R;
				FRAMEWORK_SEARCH_PATHS = (
					"$(inherited)",
					"$(PROJECT_DIR)",
				);
				HEADER_SEARCH_PATHS = IPTV/;
				INFOPLIST_FILE = IPTV/Info.plist;
				LD_RUNPATH_SEARCH_PATHS = "$(inherited) @executable_path/Frameworks";
				PRODUCT_BUNDLE_IDENTIFIER = com.iMunro.IPTV;
				PRODUCT_NAME = "$(TARGET_NAME)";
				PROVISIONING_PROFILE = "";
				SWIFT_OBJC_BRIDGING_HEADER = "IPTV/IPTV-Bridging-Header.h";
				SWIFT_VERSION = 3.0;
				TVOS_DEPLOYMENT_TARGET = 10.2;
			};
			name = Release;
		};
/* End XCBuildConfiguration section */

/* Begin XCConfigurationList section */
		CB9EE3F21C30425000B116E0 /* Build configuration list for PBXProject "IPTV" */ = {
			isa = XCConfigurationList;
			buildConfigurations = (
				CB9EE4041C30425000B116E0 /* Debug */,
				CB9EE4051C30425000B116E0 /* Release */,
			);
			defaultConfigurationIsVisible = 0;
			defaultConfigurationName = Release;
		};
		CB9EE4061C30425000B116E0 /* Build configuration list for PBXNativeTarget "IPTV" */ = {
			isa = XCConfigurationList;
			buildConfigurations = (
				CB9EE4071C30425000B116E0 /* Debug */,
				CB9EE4081C30425000B116E0 /* Release */,
			);
			defaultConfigurationIsVisible = 0;
			defaultConfigurationName = Release;
		};
/* End XCConfigurationList section */
	};
	rootObject = CB9EE3EF1C30425000B116E0 /* Project object */;
}
